
Microsoft Visual Studio Solution File, Format Version 12.00
# Visual Studio Version 17
VisualStudioVersion = 17.13.35825.156 d17.13
MinimumVisualStudioVersion = 10.0.40219.1
Project("{FAE04EC0-301F-11D3-BF4B-00C04F79EFBC}") = "EduEquip", "EduEquip\EduEquip.csproj", "{C921F3FD-D06E-43CE-8188-82F4CA3DE056}"
EndProject
Global
	GlobalSection(SolutionConfigurationPlatforms) = preSolution
		Debug|Any CPU = Debug|Any CPU
		Release|Any CPU = Release|Any CPU
	EndGlobalSection
	GlobalSection(ProjectConfigurationPlatforms) = postSolution
		{C921F3FD-D06E-43CE-8188-82F4CA3DE056}.Debug|Any CPU.ActiveCfg = Debug|Any CPU
		{C921F3FD-D06E-43CE-8188-82F4CA3DE056}.Debug|Any CPU.Build.0 = Debug|Any CPU
		{C921F3FD-D06E-43CE-8188-82F4CA3DE056}.Release|Any CPU.ActiveCfg = Release|Any CPU
		{C921F3FD-D06E-43CE-8188-82F4CA3DE056}.Release|Any CPU.Build.0 = Release|Any CPU
	EndGlobalSection
	GlobalSection(SolutionProperties) = preSolution
		HideSolutionNode = FALSE
	EndGlobalSection
	GlobalSection(ExtensibilityGlobals) = postSolution
		SolutionGuid = {AEC17C40-6CEE-4BC7-BFBD-604901171FBD}
	EndGlobalSection
EndGlobal
